// !$*UTF8*$!
{
	archiveVersion = 1;
	classes = {
	};
	objectVersion = 46;
	objects = {

/* Begin PBXFileReference section */
		0230EC001A704D2E00AA9C8B /* ALSCustomLockScreenMask.h */ = {isa = PBXFileReference; lastKnownFileType = sourcecode.c.h; path = ALSCustomLockScreenMask.h; sourceTree = "<group>"; };
		0230EC011A704D2E00AA9C8B /* ALSCustomLockScreenMask.x */ = {isa = PBXFileReference; lastKnownFileType = text; path = ALSCustomLockScreenMask.x; sourceTree = "<group>"; };
		0230EC021A70CC0C00AA9C8B /* ALSClockView.h */ = {isa = PBXFileReference; lastKnownFileType = sourcecode.c.h; path = ALSClockView.h; sourceTree = "<group>"; };
		0230EC031A70CC0C00AA9C8B /* ALSClockView.x */ = {isa = PBXFileReference; lastKnownFileType = text; path = ALSClockView.x; sourceTree = "<group>"; };
		025832801A72445100F1B849 /* ALSKeypadButton.h */ = {isa = PBXFileReference; lastKnownFileType = sourcecode.c.h; path = ALSKeypadButton.h; sourceTree = "<group>"; };
		025832811A72445100F1B849 /* ALSKeypadButton.x */ = {isa = PBXFileReference; lastKnownFileType = text; path = ALSKeypadButton.x; sourceTree = "<group>"; };
		02BB98721A736F930056352A /* ALSTextLayer.h */ = {isa = PBXFileReference; lastKnownFileType = sourcecode.c.h; path = ALSTextLayer.h; sourceTree = "<group>"; };
		02BB98731A736F930056352A /* ALSTextLayer.x */ = {isa = PBXFileReference; lastKnownFileType = text; path = ALSTextLayer.x; sourceTree = "<group>"; };
		02C57CE71A75AF46003F490A /* AeuriaLS.deb */ = {isa = PBXFileReference; lastKnownFileType = archive.ar; name = AeuriaLS.deb; path = Build/AeuriaLS.deb; sourceTree = "<group>"; };
		02D96A861A6F735F00095C83 /* SBLockScreenViewController.h */ = {isa = PBXFileReference; lastKnownFileType = sourcecode.c.h; path = SBLockScreenViewController.h; sourceTree = "<group>"; };
		02D96A871A6F735F00095C83 /* SBLockScreenViewController.x */ = {isa = PBXFileReference; lastKnownFileType = text; path = SBLockScreenViewController.x; sourceTree = "<group>"; };
		02D96A8B1A6F739000095C83 /* fakeroot */ = {isa = PBXFileReference; lastKnownFileType = text; path = fakeroot; sourceTree = "<group>"; };
		02D96A8C1A6F739000095C83 /* last_package */ = {isa = PBXFileReference; lastKnownFileType = text; path = last_package; sourceTree = "<group>"; };
		02D96A8E1A6F739000095C83 /* com.kingfish.homeonlyiconspreferences-0.0.1 */ = {isa = PBXFileReference; lastKnownFileType = text.man; path = "com.kingfish.homeonlyiconspreferences-0.0.1"; sourceTree = "<group>"; };
		02D96A8F1A6F739000095C83 /* AeuriaLSPreferencesListController.h */ = {isa = PBXFileReference; lastKnownFileType = sourcecode.c.h; path = AeuriaLSPreferencesListController.h; sourceTree = "<group>"; };
		02D96A901A6F739000095C83 /* AeuriaLSPreferencesListController.m */ = {isa = PBXFileReference; lastKnownFileType = sourcecode.c.objc; path = AeuriaLSPreferencesListController.m; sourceTree = "<group>"; };
		02D96A911A6F739000095C83 /* ALSPContainerView.h */ = {isa = PBXFileReference; lastKnownFileType = sourcecode.c.h; path = ALSPContainerView.h; sourceTree = "<group>"; };
		02D96A921A6F739000095C83 /* ALSPContainerView.m */ = {isa = PBXFileReference; lastKnownFileType = sourcecode.c.objc; path = ALSPContainerView.m; sourceTree = "<group>"; };
		02D96A931A6F739000095C83 /* ALSPMainView.h */ = {isa = PBXFileReference; lastKnownFileType = sourcecode.c.h; path = ALSPMainView.h; sourceTree = "<group>"; };
		02D96A941A6F739000095C83 /* ALSPMainView.m */ = {isa = PBXFileReference; lastKnownFileType = sourcecode.c.objc; path = ALSPMainView.m; sourceTree = "<group>"; };
		02D96A951A6F739000095C83 /* ALSPPreferenceManager.h */ = {isa = PBXFileReference; lastKnownFileType = sourcecode.c.h; path = ALSPPreferenceManager.h; sourceTree = "<group>"; };
		02D96A961A6F739000095C83 /* ALSPPreferenceManager.m */ = {isa = PBXFileReference; lastKnownFileType = sourcecode.c.objc; path = ALSPPreferenceManager.m; sourceTree = "<group>"; };
		02D96A971A6F739000095C83 /* ALSPThemeTableCell.h */ = {isa = PBXFileReference; lastKnownFileType = sourcecode.c.h; path = ALSPThemeTableCell.h; sourceTree = "<group>"; };
		02D96A981A6F739000095C83 /* ALSPThemeTableCell.m */ = {isa = PBXFileReference; lastKnownFileType = sourcecode.c.objc; path = ALSPThemeTableCell.m; sourceTree = "<group>"; };
		02D96A991A6F739000095C83 /* Info.plist */ = {isa = PBXFileReference; lastKnownFileType = text.plist; path = Info.plist; sourceTree = "<group>"; };
		02D96A9B1A6F739000095C83 /* AeuriaLSPreferences.png */ = {isa = PBXFileReference; lastKnownFileType = image.png; path = AeuriaLSPreferences.png; sourceTree = "<group>"; };
		02D96A9C1A6F739000095C83 /* AeuriaLSPreferences@2x.png */ = {isa = PBXFileReference; lastKnownFileType = image.png; path = "AeuriaLSPreferences@2x.png"; sourceTree = "<group>"; };
		02D96A9D1A6F739000095C83 /* Checkmark.png */ = {isa = PBXFileReference; lastKnownFileType = image.png; path = Checkmark.png; sourceTree = "<group>"; };
		02D96A9E1A6F739000095C83 /* Checkmark@2x.png */ = {isa = PBXFileReference; lastKnownFileType = image.png; path = "Checkmark@2x.png"; sourceTree = "<group>"; };
		02D96A9F1A6F739000095C83 /* Snowflake.png */ = {isa = PBXFileReference; lastKnownFileType = image.png; path = Snowflake.png; sourceTree = "<group>"; };
		02D96AA01A6F739000095C83 /* Snowflake@2x.png */ = {isa = PBXFileReference; lastKnownFileType = image.png; path = "Snowflake@2x.png"; sourceTree = "<group>"; };
		02D96AA11A6F751200095C83 /* Makefile */ = {isa = PBXFileReference; lastKnownFileType = sourcecode.make; name = Makefile; path = Resources/Makefile; sourceTree = "<group>"; };
		02D96AA31A6F862A00095C83 /* SBWallpaperImage.h */ = {isa = PBXFileReference; lastKnownFileType = sourcecode.c.h; path = SBWallpaperImage.h; sourceTree = "<group>"; };
		02D96AA41A6F8F8700095C83 /* ALSCustomLockScreen.h */ = {isa = PBXFileReference; lastKnownFileType = sourcecode.c.h; path = ALSCustomLockScreen.h; sourceTree = "<group>"; };
		02D96AA51A6F8F8700095C83 /* ALSCustomLockScreen.x */ = {isa = PBXFileReference; lastKnownFileType = text; path = ALSCustomLockScreen.x; sourceTree = "<group>"; };
/* End PBXFileReference section */

/* Begin PBXGroup section */
		02C57CE61A75AF31003F490A /* Build */ = {
			isa = PBXGroup;
			children = (
				02C57CE71A75AF46003F490A /* AeuriaLS.deb */,
			);
			name = Build;
			sourceTree = "<group>";
		};
		02D96A751A6F6EE700095C83 = {
			isa = PBXGroup;
			children = (
				02D96AA11A6F751200095C83 /* Makefile */,
				02C57CE61A75AF31003F490A /* Build */,
				02D96A891A6F739000095C83 /* Preferences */,
				02D96A801A6F735F00095C83 /* Tweak */,
			);
			sourceTree = "<group>";
		};
		02D96A801A6F735F00095C83 /* Tweak */ = {
			isa = PBXGroup;
			children = (
				0230EC021A70CC0C00AA9C8B /* ALSClockView.h */,
				0230EC031A70CC0C00AA9C8B /* ALSClockView.x */,
				02D96AA41A6F8F8700095C83 /* ALSCustomLockScreen.h */,
				02D96AA51A6F8F8700095C83 /* ALSCustomLockScreen.x */,
				0230EC001A704D2E00AA9C8B /* ALSCustomLockScreenMask.h */,
				0230EC011A704D2E00AA9C8B /* ALSCustomLockScreenMask.x */,
				025832801A72445100F1B849 /* ALSKeypadButton.h */,
				025832811A72445100F1B849 /* ALSKeypadButton.x */,
				02BB98721A736F930056352A /* ALSTextLayer.h */,
				02BB98731A736F930056352A /* ALSTextLayer.x */,
				02D96A861A6F735F00095C83 /* SBLockScreenViewController.h */,
				02D96A871A6F735F00095C83 /* SBLockScreenViewController.x */,
				02D96AA31A6F862A00095C83 /* SBWallpaperImage.h */,
			);
			name = Tweak;
			path = Resources/Tweak;
			sourceTree = "<group>";
		};
		02D96A891A6F739000095C83 /* Preferences */ = {
			isa = PBXGroup;
			children = (
				02D96A8A1A6F739000095C83 /* .theos */,
				02D96A8F1A6F739000095C83 /* AeuriaLSPreferencesListController.h */,
				02D96A901A6F739000095C83 /* AeuriaLSPreferencesListController.m */,
				02D96A911A6F739000095C83 /* ALSPContainerView.h */,
				02D96A921A6F739000095C83 /* ALSPContainerView.m */,
				02D96A931A6F739000095C83 /* ALSPMainView.h */,
				02D96A941A6F739000095C83 /* ALSPMainView.m */,
				02D96A951A6F739000095C83 /* ALSPPreferenceManager.h */,
				02D96A961A6F739000095C83 /* ALSPPreferenceManager.m */,
				02D96A971A6F739000095C83 /* ALSPThemeTableCell.h */,
				02D96A981A6F739000095C83 /* ALSPThemeTableCell.m */,
				02D96A991A6F739000095C83 /* Info.plist */,
				02D96A9A1A6F739000095C83 /* Resources */,
			);
			name = Preferences;
			path = Resources/Preferences;
			sourceTree = "<group>";
		};
		02D96A8A1A6F739000095C83 /* .theos */ = {
			isa = PBXGroup;
			children = (
				02D96A8B1A6F739000095C83 /* fakeroot */,
				02D96A8C1A6F739000095C83 /* last_package */,
				02D96A8D1A6F739000095C83 /* packages */,
			);
			path = .theos;
			sourceTree = "<group>";
		};
		02D96A8D1A6F739000095C83 /* packages */ = {
			isa = PBXGroup;
			children = (
				02D96A8E1A6F739000095C83 /* com.kingfish.homeonlyiconspreferences-0.0.1 */,
			);
			path = packages;
			sourceTree = "<group>";
		};
		02D96A9A1A6F739000095C83 /* Resources */ = {
			isa = PBXGroup;
			children = (
				02D96A9B1A6F739000095C83 /* AeuriaLSPreferences.png */,
				02D96A9C1A6F739000095C83 /* AeuriaLSPreferences@2x.png */,
				02D96A9D1A6F739000095C83 /* Checkmark.png */,
				02D96A9E1A6F739000095C83 /* Checkmark@2x.png */,
				02D96A9F1A6F739000095C83 /* Snowflake.png */,
				02D96AA01A6F739000095C83 /* Snowflake@2x.png */,
			);
			path = Resources;
			sourceTree = "<group>";
		};
/* End PBXGroup section */

/* Begin PBXLegacyTarget section */
		02D96A7A1A6F6EE700095C83 /* aeurials */ = {
			isa = PBXLegacyTarget;
			buildArgumentsString = "";
			buildConfigurationList = 02D96A7D1A6F6EE700095C83 /* Build configuration list for PBXLegacyTarget "aeurials" */;
			buildPhases = (
			);
			buildToolPath = $SRCROOT/Resources/build.sh;
			buildWorkingDirectory = $SRCROOT/Resources/;
			dependencies = (
			);
			name = aeurials;
			passBuildSettingsInEnvironment = 0;
			productName = aeurials;
		};
/* End PBXLegacyTarget section */

/* Begin PBXProject section */
		02D96A761A6F6EE700095C83 /* Project object */ = {
			isa = PBXProject;
			attributes = {
				LastUpgradeCheck = 0610;
				ORGANIZATIONNAME = kingfish;
				TargetAttributes = {
					02D96A7A1A6F6EE700095C83 = {
						CreatedOnToolsVersion = 6.1.1;
					};
				};
			};
			buildConfigurationList = 02D96A791A6F6EE700095C83 /* Build configuration list for PBXProject "aeurials" */;
			compatibilityVersion = "Xcode 3.2";
			developmentRegion = English;
			hasScannedForEncodings = 0;
			knownRegions = (
				en,
			);
			mainGroup = 02D96A751A6F6EE700095C83;
			projectDirPath = "";
			projectRoot = "";
			targets = (
				02D96A7A1A6F6EE700095C83 /* aeurials */,
			);
		};
/* End PBXProject section */

/* Begin XCBuildConfiguration section */
		02D96A7B1A6F6EE700095C83 /* Debug */ = {
			isa = XCBuildConfiguration;
			buildSettings = {
				ALWAYS_SEARCH_USER_PATHS = NO;
				CLANG_CXX_LANGUAGE_STANDARD = "gnu++0x";
				CLANG_CXX_LIBRARY = "libc++";
				CLANG_ENABLE_MODULES = YES;
				CLANG_ENABLE_OBJC_ARC = YES;
				CLANG_WARN_BOOL_CONVERSION = YES;
				CLANG_WARN_CONSTANT_CONVERSION = YES;
				CLANG_WARN_DIRECT_OBJC_ISA_USAGE = YES_ERROR;
				CLANG_WARN_EMPTY_BODY = YES;
				CLANG_WARN_ENUM_CONVERSION = YES;
				CLANG_WARN_INT_CONVERSION = YES;
				CLANG_WARN_OBJC_ROOT_CLASS = YES_ERROR;
				CLANG_WARN_UNREACHABLE_CODE = YES;
				CLANG_WARN__DUPLICATE_METHOD_MATCH = YES;
				COPY_PHASE_STRIP = NO;
				ENABLE_STRICT_OBJC_MSGSEND = YES;
				GCC_C_LANGUAGE_STANDARD = gnu99;
				GCC_DYNAMIC_NO_PIC = NO;
				GCC_OPTIMIZATION_LEVEL = 0;
				GCC_PREPROCESSOR_DEFINITIONS = (
					"DEBUG=1",
					"$(inherited)",
				);
				GCC_SYMBOLS_PRIVATE_EXTERN = NO;
				GCC_WARN_64_TO_32_BIT_CONVERSION = YES;
				GCC_WARN_ABOUT_RETURN_TYPE = YES_ERROR;
				GCC_WARN_UNDECLARED_SELECTOR = YES;
				GCC_WARN_UNINITIALIZED_AUTOS = YES_AGGRESSIVE;
				GCC_WARN_UNUSED_FUNCTION = YES;
				GCC_WARN_UNUSED_VARIABLE = YES;
				MACOSX_DEPLOYMENT_TARGET = 10.10;
				MTL_ENABLE_DEBUG_INFO = YES;
				ONLY_ACTIVE_ARCH = YES;
				SDKROOT = macosx;
			};
			name = Debug;
		};
		02D96A7C1A6F6EE700095C83 /* Release */ = {
			isa = XCBuildConfiguration;
			buildSettings = {
				ALWAYS_SEARCH_USER_PATHS = NO;
				CLANG_CXX_LANGUAGE_STANDARD = "gnu++0x";
				CLANG_CXX_LIBRARY = "libc++";
				CLANG_ENABLE_MODULES = YES;
				CLANG_ENABLE_OBJC_ARC = YES;
				CLANG_WARN_BOOL_CONVERSION = YES;
				CLANG_WARN_CONSTANT_CONVERSION = YES;
				CLANG_WARN_DIRECT_OBJC_ISA_USAGE = YES_ERROR;
				CLANG_WARN_EMPTY_BODY = YES;
				CLANG_WARN_ENUM_CONVERSION = YES;
				CLANG_WARN_INT_CONVERSION = YES;
				CLANG_WARN_OBJC_ROOT_CLASS = YES_ERROR;
				CLANG_WARN_UNREACHABLE_CODE = YES;
				CLANG_WARN__DUPLICATE_METHOD_MATCH = YES;
				COPY_PHASE_STRIP = YES;
				DEBUG_INFORMATION_FORMAT = "dwarf-with-dsym";
				ENABLE_NS_ASSERTIONS = NO;
				ENABLE_STRICT_OBJC_MSGSEND = YES;
				GCC_C_LANGUAGE_STANDARD = gnu99;
				GCC_WARN_64_TO_32_BIT_CONVERSION = YES;
				GCC_WARN_ABOUT_RETURN_TYPE = YES_ERROR;
				GCC_WARN_UNDECLARED_SELECTOR = YES;
				GCC_WARN_UNINITIALIZED_AUTOS = YES_AGGRESSIVE;
				GCC_WARN_UNUSED_FUNCTION = YES;
				GCC_WARN_UNUSED_VARIABLE = YES;
				MACOSX_DEPLOYMENT_TARGET = 10.10;
				MTL_ENABLE_DEBUG_INFO = NO;
				SDKROOT = macosx;
			};
			name = Release;
		};
		02D96A7E1A6F6EE700095C83 /* Debug */ = {
			isa = XCBuildConfiguration;
			buildSettings = {
				DEBUGGING_SYMBOLS = YES;
				GCC_GENERATE_DEBUGGING_SYMBOLS = YES;
				GCC_OPTIMIZATION_LEVEL = 0;
				OTHER_CFLAGS = "";
				OTHER_LDFLAGS = "";
				PRODUCT_NAME = "$(TARGET_NAME)";
			};
			name = Debug;
		};
		02D96A7F1A6F6EE700095C83 /* Release */ = {
			isa = XCBuildConfiguration;
			buildSettings = {
				OTHER_CFLAGS = "";
				OTHER_LDFLAGS = "";
				PRODUCT_NAME = "$(TARGET_NAME)";
			};
			name = Release;
		};
/* End XCBuildConfiguration section */

/* Begin XCConfigurationList section */
		02D96A791A6F6EE700095C83 /* Build configuration list for PBXProject "aeurials" */ = {
			isa = XCConfigurationList;
			buildConfigurations = (
				02D96A7B1A6F6EE700095C83 /* Debug */,
				02D96A7C1A6F6EE700095C83 /* Release */,
			);
			defaultConfigurationIsVisible = 0;
			defaultConfigurationName = Release;
		};
		02D96A7D1A6F6EE700095C83 /* Build configuration list for PBXLegacyTarget "aeurials" */ = {
			isa = XCConfigurationList;
			buildConfigurations = (
				02D96A7E1A6F6EE700095C83 /* Debug */,
				02D96A7F1A6F6EE700095C83 /* Release */,
			);
			defaultConfigurationIsVisible = 0;
			defaultConfigurationName = Release;
		};
/* End XCConfigurationList section */
	};
	rootObject = 02D96A761A6F6EE700095C83 /* Project object */;
}
