// !$*UTF8*$!
{
	archiveVersion = 1;
	classes = {
	};
	objectVersion = 46;
	objects = {

/* Begin PBXFileReference section */
		020532EC1AF53D6400602F6D /* ALSCustomLockScreenContainer.h */ = {isa = PBXFileReference; lastKnownFileType = sourcecode.c.h; path = ALSCustomLockScreenContainer.h; sourceTree = "<group>"; };
		020532ED1AF53D6400602F6D /* ALSCustomLockScreenContainer.x */ = {isa = PBXFileReference; lastKnownFileType = text; path = ALSCustomLockScreenContainer.x; sourceTree = "<group>"; };
		020532EE1AF575BB00602F6D /* ALSCustomLockScreenButtons.h */ = {isa = PBXFileReference; lastKnownFileType = sourcecode.c.h; path = ALSCustomLockScreenButtons.h; sourceTree = "<group>"; };
		020532EF1AF575BB00602F6D /* ALSCustomLockScreenButtons.x */ = {isa = PBXFileReference; lastKnownFileType = text; path = ALSCustomLockScreenButtons.x; sourceTree = "<group>"; };
		020532F01AF5761100602F6D /* ALSCustomLockScreenElement.h */ = {isa = PBXFileReference; lastKnownFileType = sourcecode.c.h; path = ALSCustomLockScreenElement.h; sourceTree = "<group>"; };
		020532F11AF5761100602F6D /* ALSCustomLockScreenElement.x */ = {isa = PBXFileReference; lastKnownFileType = text; path = ALSCustomLockScreenElement.x; sourceTree = "<group>"; };
		0206009E1AF1946F00F5597A /* Style Settings.plist */ = {isa = PBXFileReference; lastKnownFileType = text.plist.xml; path = "Style Settings.plist"; sourceTree = "<group>"; };
		0206EEBF1B0D1D0C00B1C35D /* MPUSystemMediaControlsView.h */ = {isa = PBXFileReference; lastKnownFileType = sourcecode.c.h; path = MPUSystemMediaControlsView.h; sourceTree = "<group>"; };
		0206EEC01B0D1D0C00B1C35D /* MPUSystemMediaControlsView.x */ = {isa = PBXFileReference; lastKnownFileType = text; path = MPUSystemMediaControlsView.x; sourceTree = "<group>"; };
		0206EEC11B0D254E00B1C35D /* SBInteractionPassThroughView.h */ = {isa = PBXFileReference; lastKnownFileType = sourcecode.c.h; path = SBInteractionPassThroughView.h; sourceTree = "<group>"; };
		0206EEC21B0D254E00B1C35D /* SBInteractionPassThroughView.x */ = {isa = PBXFileReference; lastKnownFileType = text; path = SBInteractionPassThroughView.x; sourceTree = "<group>"; };
		022130AA1AE1BDE800054A1A /* ALSPreferencesManager.h */ = {isa = PBXFileReference; lastKnownFileType = sourcecode.c.h; path = ALSPreferencesManager.h; sourceTree = "<group>"; };
		022130AB1AE1BDE800054A1A /* ALSPreferencesManager.x */ = {isa = PBXFileReference; lastKnownFileType = text; path = ALSPreferencesManager.x; sourceTree = "<group>"; };
		022627B91AE9E605006658FF /* LSPath.dat */ = {isa = PBXFileReference; lastKnownFileType = file.bplist; path = LSPath.dat; sourceTree = "<group>"; };
		022C65B11B11133900132878 /* SBUIPasscodeLockViewWithKeypad.h */ = {isa = PBXFileReference; lastKnownFileType = sourcecode.c.h; path = SBUIPasscodeLockViewWithKeypad.h; sourceTree = "<group>"; };
		022C65B21B1144E600132878 /* SBUIPasscodeLockViewWithKeypad.x */ = {isa = PBXFileReference; lastKnownFileType = text; path = SBUIPasscodeLockViewWithKeypad.x; sourceTree = "<group>"; };
		022C65B51B115D9300132878 /* ALSPreferencesManager.h */ = {isa = PBXFileReference; lastKnownFileType = sourcecode.c.h; path = ALSPreferencesManager.h; sourceTree = "<group>"; };
		022C65B61B115D9300132878 /* ALSPreferencesManager.m */ = {isa = PBXFileReference; lastKnownFileType = sourcecode.c.objc; path = ALSPreferencesManager.m; sourceTree = "<group>"; };
		023724181AC25213007FAFC1 /* ALSCustomLockScreen.h */ = {isa = PBXFileReference; lastKnownFileType = sourcecode.c.h; path = ALSCustomLockScreen.h; sourceTree = "<group>"; };
		023724191AC25213007FAFC1 /* ALSCustomLockScreen.x */ = {isa = PBXFileReference; lastKnownFileType = text; path = ALSCustomLockScreen.x; sourceTree = "<group>"; };
		0237241A1AC25213007FAFC1 /* ALSCustomLockScreenMask.h */ = {isa = PBXFileReference; lastKnownFileType = sourcecode.c.h; path = ALSCustomLockScreenMask.h; sourceTree = "<group>"; };
		0237241B1AC25213007FAFC1 /* ALSCustomLockScreenMask.x */ = {isa = PBXFileReference; lastKnownFileType = text; path = ALSCustomLockScreenMask.x; sourceTree = "<group>"; };
		0237241C1AC25213007FAFC1 /* SBChevronView.h */ = {isa = PBXFileReference; lastKnownFileType = sourcecode.c.h; path = SBChevronView.h; sourceTree = "<group>"; };
		0237241D1AC25213007FAFC1 /* SBChevronView.x */ = {isa = PBXFileReference; lastKnownFileType = text; path = SBChevronView.x; sourceTree = "<group>"; };
		0237241E1AC25213007FAFC1 /* SBFLockScreenDateView.h */ = {isa = PBXFileReference; lastKnownFileType = sourcecode.c.h; path = SBFLockScreenDateView.h; sourceTree = "<group>"; };
		0237241F1AC25213007FAFC1 /* SBFLockScreenDateView.x */ = {isa = PBXFileReference; lastKnownFileType = text; path = SBFLockScreenDateView.x; sourceTree = "<group>"; };
		023724221AC25213007FAFC1 /* SBLockScreenViewController.h */ = {isa = PBXFileReference; lastKnownFileType = sourcecode.c.h; path = SBLockScreenViewController.h; sourceTree = "<group>"; };
		023724231AC25213007FAFC1 /* SBLockScreenViewController.x */ = {isa = PBXFileReference; lastKnownFileType = text; path = SBLockScreenViewController.x; sourceTree = "<group>"; };
		023747251AEEECB700825E1C /* ALSPreferencesColorPicker.h */ = {isa = PBXFileReference; lastKnownFileType = sourcecode.c.h; path = ALSPreferencesColorPicker.h; sourceTree = "<group>"; };
		023747261AEEECB700825E1C /* ALSPreferencesColorPicker.m */ = {isa = PBXFileReference; lastKnownFileType = sourcecode.c.objc; path = ALSPreferencesColorPicker.m; sourceTree = "<group>"; };
		0237472F1AEEEE0400825E1C /* ALSPreferencesColorGradient.h */ = {isa = PBXFileReference; lastKnownFileType = sourcecode.c.h; path = ALSPreferencesColorGradient.h; sourceTree = "<group>"; };
		023747301AEEEE0400825E1C /* ALSPreferencesColorGradient.m */ = {isa = PBXFileReference; lastKnownFileType = sourcecode.c.objc; path = ALSPreferencesColorGradient.m; sourceTree = "<group>"; };
		023747311AEEEE0400825E1C /* ALSPreferencesColorPanGestureRecognizer.h */ = {isa = PBXFileReference; lastKnownFileType = sourcecode.c.h; path = ALSPreferencesColorPanGestureRecognizer.h; sourceTree = "<group>"; };
		023747321AEEEE0400825E1C /* ALSPreferencesColorPanGestureRecognizer.m */ = {isa = PBXFileReference; lastKnownFileType = sourcecode.c.objc; path = ALSPreferencesColorPanGestureRecognizer.m; sourceTree = "<group>"; };
		023747351AEEEE0400825E1C /* ALSPreferencesColorPickerInnerShadow.h */ = {isa = PBXFileReference; lastKnownFileType = sourcecode.c.h; path = ALSPreferencesColorPickerInnerShadow.h; sourceTree = "<group>"; };
		023747361AEEEE0400825E1C /* ALSPreferencesColorPickerInnerShadow.m */ = {isa = PBXFileReference; lastKnownFileType = sourcecode.c.objc; path = ALSPreferencesColorPickerInnerShadow.m; sourceTree = "<group>"; };
		02530BF21ADF1940004F3488 /* Clock Face Settings.plist */ = {isa = PBXFileReference; lastKnownFileType = text.plist.xml; path = "Clock Face Settings.plist"; sourceTree = "<group>"; };
		02530BF31ADF1C5E004F3488 /* ALSPreferencesSubListController.h */ = {isa = PBXFileReference; lastKnownFileType = sourcecode.c.h; path = ALSPreferencesSubListController.h; sourceTree = "<group>"; };
		02530BF41ADF1C5E004F3488 /* ALSPreferencesSubListController.m */ = {isa = PBXFileReference; lastKnownFileType = sourcecode.c.objc; path = ALSPreferencesSubListController.m; sourceTree = "<group>"; };
		0254280B1B117CAF00FAF035 /* ALSPreferencesSupportersListController.h */ = {isa = PBXFileReference; lastKnownFileType = sourcecode.c.h; path = ALSPreferencesSupportersListController.h; sourceTree = "<group>"; };
		0254280C1B117CAF00FAF035 /* ALSPreferencesSupportersListController.m */ = {isa = PBXFileReference; lastKnownFileType = sourcecode.c.objc; path = ALSPreferencesSupportersListController.m; sourceTree = "<group>"; };
		025915741B0156AE00B0FE29 /* ALSProxyObject.h */ = {isa = PBXFileReference; lastKnownFileType = sourcecode.c.h; path = ALSProxyObject.h; sourceTree = "<group>"; };
		025915751B0156AE00B0FE29 /* ALSProxyObject.x */ = {isa = PBXFileReference; lastKnownFileType = text; path = ALSProxyObject.x; sourceTree = "<group>"; };
		0260B5F41AF42E51003AE8C5 /* Passcode Page Settings.plist */ = {isa = PBXFileReference; lastKnownFileType = text.plist.xml; path = "Passcode Page Settings.plist"; sourceTree = "<group>"; };
		0260B5F51AF4324A003AE8C5 /* Other Settings.plist */ = {isa = PBXFileReference; lastKnownFileType = text.plist.xml; path = "Other Settings.plist"; sourceTree = "<group>"; };
		027E66601AF029DF00B77D65 /* ALSPreferencesFontCell.h */ = {isa = PBXFileReference; lastKnownFileType = sourcecode.c.h; path = ALSPreferencesFontCell.h; sourceTree = "<group>"; };
		027E66611AF029DF00B77D65 /* ALSPreferencesFontCell.m */ = {isa = PBXFileReference; lastKnownFileType = sourcecode.c.objc; path = ALSPreferencesFontCell.m; sourceTree = "<group>"; };
		027E66641AF02BCC00B77D65 /* ALSPreferencesCell.h */ = {isa = PBXFileReference; lastKnownFileType = sourcecode.c.h; path = ALSPreferencesCell.h; sourceTree = "<group>"; };
		027E66651AF02BCC00B77D65 /* ALSPreferencesCell.m */ = {isa = PBXFileReference; lastKnownFileType = sourcecode.c.objc; path = ALSPreferencesCell.m; sourceTree = "<group>"; };
		027E66661AF0345C00B77D65 /* ALSPreferencesFontPicker.h */ = {isa = PBXFileReference; lastKnownFileType = sourcecode.c.h; path = ALSPreferencesFontPicker.h; sourceTree = "<group>"; };
		027E66671AF0345C00B77D65 /* ALSPreferencesFontPicker.m */ = {isa = PBXFileReference; lastKnownFileType = sourcecode.c.objc; path = ALSPreferencesFontPicker.m; sourceTree = "<group>"; };
		027F9B531AF7041100180368 /* SBUIPasscodeLockViewBase.h */ = {isa = PBXFileReference; lastKnownFileType = sourcecode.c.h; path = SBUIPasscodeLockViewBase.h; sourceTree = "<group>"; };
		027F9B541AF71C7500180368 /* ALSProxyPasscodeHandler.h */ = {isa = PBXFileReference; lastKnownFileType = sourcecode.c.h; path = ALSProxyPasscodeHandler.h; sourceTree = "<group>"; };
		027F9B551AF71C7500180368 /* ALSProxyPasscodeHandler.x */ = {isa = PBXFileReference; lastKnownFileType = text; path = ALSProxyPasscodeHandler.x; sourceTree = "<group>"; };
		027FFDAB1AFA9E0400FA1486 /* SBUIPasscodeLockViewBase.x */ = {isa = PBXFileReference; lastKnownFileType = text; path = SBUIPasscodeLockViewBase.x; sourceTree = "<group>"; };
		027FFDAC1AFAEA1200FA1486 /* SBLockScreenNotificationListView.h */ = {isa = PBXFileReference; lastKnownFileType = sourcecode.c.h; path = SBLockScreenNotificationListView.h; sourceTree = "<group>"; };
		027FFDAD1AFAEA1200FA1486 /* SBLockScreenNotificationListView.x */ = {isa = PBXFileReference; lastKnownFileType = text; path = SBLockScreenNotificationListView.x; sourceTree = "<group>"; };
		0280F2621AEB264D0048BF91 /* ALSPreferencesColorCell.h */ = {isa = PBXFileReference; lastKnownFileType = sourcecode.c.h; path = ALSPreferencesColorCell.h; sourceTree = "<group>"; };
		0280F2631AEB264D0048BF91 /* ALSPreferencesColorCell.m */ = {isa = PBXFileReference; lastKnownFileType = sourcecode.c.objc; path = ALSPreferencesColorCell.m; sourceTree = "<group>"; };
		0281DD301B0F542B00683910 /* SBLockScreenHintLongPressGestureRecognizer.h */ = {isa = PBXFileReference; lastKnownFileType = sourcecode.c.h; path = SBLockScreenHintLongPressGestureRecognizer.h; sourceTree = "<group>"; };
		0281DD311B0F542B00683910 /* SBLockScreenHintLongPressGestureRecognizer.x */ = {isa = PBXFileReference; lastKnownFileType = text; path = SBLockScreenHintLongPressGestureRecognizer.x; sourceTree = "<group>"; };
		028285EE1AF0836D0079E923 /* Defaults.plist */ = {isa = PBXFileReference; lastKnownFileType = text.plist.xml; path = Defaults.plist; sourceTree = "<group>"; };
		028687AE1AE9F78900BDD74A /* AeuriaPath.dat */ = {isa = PBXFileReference; lastKnownFileType = file.bplist; path = AeuriaPath.dat; sourceTree = "<group>"; };
		02884B811B166CC800D8D8E0 /* UIGlintyStringView.h */ = {isa = PBXFileReference; lastKnownFileType = sourcecode.c.h; path = UIGlintyStringView.h; sourceTree = "<group>"; };
		02884B821B166CC800D8D8E0 /* UIGlintyStringView.x */ = {isa = PBXFileReference; lastKnownFileType = text; path = UIGlintyStringView.x; sourceTree = "<group>"; };
		02884B831B16747900D8D8E0 /* SBSlideUpAppGrabberView.h */ = {isa = PBXFileReference; lastKnownFileType = sourcecode.c.h; path = SBSlideUpAppGrabberView.h; sourceTree = "<group>"; };
		02884B841B16747900D8D8E0 /* SBSlideUpAppGrabberView.x */ = {isa = PBXFileReference; lastKnownFileType = text; path = SBSlideUpAppGrabberView.x; sourceTree = "<group>"; };
		0298578B1AE859980014B5C2 /* ALSProxyTarget.h */ = {isa = PBXFileReference; lastKnownFileType = sourcecode.c.h; path = ALSProxyTarget.h; sourceTree = "<group>"; };
		0298578C1AE859980014B5C2 /* ALSProxyTarget.x */ = {isa = PBXFileReference; lastKnownFileType = text; path = ALSProxyTarget.x; sourceTree = "<group>"; };
		02A1014F1AEF3AE8003296EB /* ALSPreferencesListItemsController.h */ = {isa = PBXFileReference; lastKnownFileType = sourcecode.c.h; path = ALSPreferencesListItemsController.h; sourceTree = "<group>"; };
		02A101501AEF3AE8003296EB /* ALSPreferencesListItemsController.m */ = {isa = PBXFileReference; lastKnownFileType = sourcecode.c.objc; path = ALSPreferencesListItemsController.m; sourceTree = "<group>"; };
		02A101511AEF3B42003296EB /* PSListItemsController.h */ = {isa = PBXFileReference; lastKnownFileType = sourcecode.c.h; path = PSListItemsController.h; sourceTree = "<group>"; };
		02A99F1A1AFD1FFF00B197D7 /* SBLockScreenScrollView.h */ = {isa = PBXFileReference; lastKnownFileType = sourcecode.c.h; path = SBLockScreenScrollView.h; sourceTree = "<group>"; };
		02A99F1B1AFD1FFF00B197D7 /* SBLockScreenScrollView.x */ = {isa = PBXFileReference; lastKnownFileType = text; path = SBLockScreenScrollView.x; sourceTree = "<group>"; };
		02A9EFBE1B02D7E500A2DDA3 /* ALSHideableViewManager.h */ = {isa = PBXFileReference; lastKnownFileType = sourcecode.c.h; path = ALSHideableViewManager.h; sourceTree = "<group>"; };
		02A9EFBF1B02D7E500A2DDA3 /* ALSHideableViewManager.x */ = {isa = PBXFileReference; lastKnownFileType = text; path = ALSHideableViewManager.x; sourceTree = "<group>"; };
		02AC49791AE8ECD000426584 /* ALSPreferencesProxyTarget.h */ = {isa = PBXFileReference; lastKnownFileType = sourcecode.c.h; path = ALSPreferencesProxyTarget.h; sourceTree = "<group>"; };
		02AC497A1AE8ECD000426584 /* ALSPreferencesProxyTarget.m */ = {isa = PBXFileReference; lastKnownFileType = sourcecode.c.objc; path = ALSPreferencesProxyTarget.m; sourceTree = "<group>"; };
		02B7DB4D1AF6B2D30011724E /* ALSCustomLockScreenOverlay.h */ = {isa = PBXFileReference; lastKnownFileType = sourcecode.c.h; path = ALSCustomLockScreenOverlay.h; sourceTree = "<group>"; };
		02B7DB4E1AF6B2D30011724E /* ALSCustomLockScreenOverlay.x */ = {isa = PBXFileReference; lastKnownFileType = text; path = ALSCustomLockScreenOverlay.x; sourceTree = "<group>"; };
		02B7DB4F1AF6BB880011724E /* ALSImmediatePanGestureRecognizer.h */ = {isa = PBXFileReference; lastKnownFileType = sourcecode.c.h; path = ALSImmediatePanGestureRecognizer.h; sourceTree = "<group>"; };
		02B7DB501AF6BB880011724E /* ALSImmediatePanGestureRecognizer.x */ = {isa = PBXFileReference; lastKnownFileType = text; path = ALSImmediatePanGestureRecognizer.x; sourceTree = "<group>"; };
		02BED8D71AD3B86D0075EAB0 /* ALSPreferencesHeader.h */ = {isa = PBXFileReference; lastKnownFileType = sourcecode.c.h; path = ALSPreferencesHeader.h; sourceTree = "<group>"; };
		02BED8D81AD3B86D0075EAB0 /* ALSPreferencesHeader.m */ = {isa = PBXFileReference; lastKnownFileType = sourcecode.c.objc; path = ALSPreferencesHeader.m; sourceTree = "<group>"; };
		02BED8D91AD3B86D0075EAB0 /* ALSPreferencesListController.h */ = {isa = PBXFileReference; lastKnownFileType = sourcecode.c.h; path = ALSPreferencesListController.h; sourceTree = "<group>"; };
		02BED8DA1AD3B86D0075EAB0 /* ALSPreferencesListController.m */ = {isa = PBXFileReference; lastKnownFileType = sourcecode.c.objc; path = ALSPreferencesListController.m; sourceTree = "<group>"; };
		02BED8DC1AD3B86D0075EAB0 /* PSListController.h */ = {isa = PBXFileReference; lastKnownFileType = sourcecode.c.h; path = PSListController.h; sourceTree = "<group>"; };
		02BED8DD1AD3B8B90075EAB0 /* AeuriaLSPreferences.plist */ = {isa = PBXFileReference; lastKnownFileType = text.plist.xml; path = AeuriaLSPreferences.plist; sourceTree = "<group>"; };
		02BED8DE1AD3B8CA0075EAB0 /* Info.plist */ = {isa = PBXFileReference; lastKnownFileType = text.plist.xml; path = Info.plist; sourceTree = "<group>"; };
		02BED8E21AD3B90B0075EAB0 /* Main.plist */ = {isa = PBXFileReference; lastKnownFileType = text.plist; path = Main.plist; sourceTree = "<group>"; };
		02BED8E31AD3BD580075EAB0 /* PSTableCell.h */ = {isa = PBXFileReference; lastKnownFileType = sourcecode.c.h; path = PSTableCell.h; sourceTree = "<group>"; };
		02BED8E41AD3BEC50075EAB0 /* PSSpecifier.h */ = {isa = PBXFileReference; lastKnownFileType = sourcecode.c.h; path = PSSpecifier.h; sourceTree = "<group>"; };
		02BED8E51AD3C3C30075EAB0 /* SBWallpaperController.h */ = {isa = PBXFileReference; lastKnownFileType = sourcecode.c.h; path = SBWallpaperController.h; sourceTree = "<group>"; };
		02C57CE71A75AF46003F490A /* AeuriaLS.deb */ = {isa = PBXFileReference; lastKnownFileType = archive.ar; name = AeuriaLS.deb; path = Build/AeuriaLS.deb; sourceTree = "<group>"; };
		02C859091AC35CEC00C5B920 /* ALSCustomLockScreenClock.h */ = {isa = PBXFileReference; lastKnownFileType = sourcecode.c.h; path = ALSCustomLockScreenClock.h; sourceTree = "<group>"; };
		02C8590A1AC35CEC00C5B920 /* ALSCustomLockScreenClock.x */ = {isa = PBXFileReference; lastKnownFileType = text; path = ALSCustomLockScreenClock.x; sourceTree = "<group>"; };
		02D96A8B1A6F739000095C83 /* fakeroot */ = {isa = PBXFileReference; lastKnownFileType = text; path = fakeroot; sourceTree = "<group>"; };
		02D96A8C1A6F739000095C83 /* last_package */ = {isa = PBXFileReference; lastKnownFileType = text; path = last_package; sourceTree = "<group>"; };
		02D96A8E1A6F739000095C83 /* com.kingfish.homeonlyiconspreferences-0.0.1 */ = {isa = PBXFileReference; lastKnownFileType = text.man; path = "com.kingfish.homeonlyiconspreferences-0.0.1"; sourceTree = "<group>"; };
		02D96AA11A6F751200095C83 /* Makefile */ = {isa = PBXFileReference; lastKnownFileType = sourcecode.make; name = Makefile; path = Resources/Makefile; sourceTree = "<group>"; };
/* End PBXFileReference section */

/* Begin PBXGroup section */
		02C57CE61A75AF31003F490A /* Build */ = {
			isa = PBXGroup;
			children = (
				02C57CE71A75AF46003F490A /* AeuriaLS.deb */,
			);
			name = Build;
			sourceTree = "<group>";
		};
		02D96A751A6F6EE700095C83 = {
			isa = PBXGroup;
			children = (
				02D96AA11A6F751200095C83 /* Makefile */,
				02C57CE61A75AF31003F490A /* Build */,
				02D96A891A6F739000095C83 /* Preferences */,
				02D96A801A6F735F00095C83 /* Tweak */,
			);
			sourceTree = "<group>";
		};
		02D96A801A6F735F00095C83 /* Tweak */ = {
			isa = PBXGroup;
			children = (
				023724181AC25213007FAFC1 /* ALSCustomLockScreen.h */,
				023724191AC25213007FAFC1 /* ALSCustomLockScreen.x */,
				020532EE1AF575BB00602F6D /* ALSCustomLockScreenButtons.h */,
				020532EF1AF575BB00602F6D /* ALSCustomLockScreenButtons.x */,
				02C859091AC35CEC00C5B920 /* ALSCustomLockScreenClock.h */,
				02C8590A1AC35CEC00C5B920 /* ALSCustomLockScreenClock.x */,
				020532EC1AF53D6400602F6D /* ALSCustomLockScreenContainer.h */,
				020532ED1AF53D6400602F6D /* ALSCustomLockScreenContainer.x */,
				020532F01AF5761100602F6D /* ALSCustomLockScreenElement.h */,
				020532F11AF5761100602F6D /* ALSCustomLockScreenElement.x */,
				0237241A1AC25213007FAFC1 /* ALSCustomLockScreenMask.h */,
				0237241B1AC25213007FAFC1 /* ALSCustomLockScreenMask.x */,
				02B7DB4D1AF6B2D30011724E /* ALSCustomLockScreenOverlay.h */,
				02B7DB4E1AF6B2D30011724E /* ALSCustomLockScreenOverlay.x */,
				02A9EFBE1B02D7E500A2DDA3 /* ALSHideableViewManager.h */,
				02A9EFBF1B02D7E500A2DDA3 /* ALSHideableViewManager.x */,
				02B7DB4F1AF6BB880011724E /* ALSImmediatePanGestureRecognizer.h */,
				02B7DB501AF6BB880011724E /* ALSImmediatePanGestureRecognizer.x */,
				022130AA1AE1BDE800054A1A /* ALSPreferencesManager.h */,
				022130AB1AE1BDE800054A1A /* ALSPreferencesManager.x */,
				025915741B0156AE00B0FE29 /* ALSProxyObject.h */,
				025915751B0156AE00B0FE29 /* ALSProxyObject.x */,
				027F9B541AF71C7500180368 /* ALSProxyPasscodeHandler.h */,
				027F9B551AF71C7500180368 /* ALSProxyPasscodeHandler.x */,
				0298578B1AE859980014B5C2 /* ALSProxyTarget.h */,
				0298578C1AE859980014B5C2 /* ALSProxyTarget.x */,
				0206EEBF1B0D1D0C00B1C35D /* MPUSystemMediaControlsView.h */,
				0206EEC01B0D1D0C00B1C35D /* MPUSystemMediaControlsView.x */,
				0237241C1AC25213007FAFC1 /* SBChevronView.h */,
				0237241D1AC25213007FAFC1 /* SBChevronView.x */,
				0237241E1AC25213007FAFC1 /* SBFLockScreenDateView.h */,
				0237241F1AC25213007FAFC1 /* SBFLockScreenDateView.x */,
				0206EEC11B0D254E00B1C35D /* SBInteractionPassThroughView.h */,
				0206EEC21B0D254E00B1C35D /* SBInteractionPassThroughView.x */,
				0281DD301B0F542B00683910 /* SBLockScreenHintLongPressGestureRecognizer.h */,
				0281DD311B0F542B00683910 /* SBLockScreenHintLongPressGestureRecognizer.x */,
				027FFDAC1AFAEA1200FA1486 /* SBLockScreenNotificationListView.h */,
				027FFDAD1AFAEA1200FA1486 /* SBLockScreenNotificationListView.x */,
				02A99F1A1AFD1FFF00B197D7 /* SBLockScreenScrollView.h */,
				02A99F1B1AFD1FFF00B197D7 /* SBLockScreenScrollView.x */,
				023724221AC25213007FAFC1 /* SBLockScreenViewController.h */,
				023724231AC25213007FAFC1 /* SBLockScreenViewController.x */,
				02884B831B16747900D8D8E0 /* SBSlideUpAppGrabberView.h */,
				02884B841B16747900D8D8E0 /* SBSlideUpAppGrabberView.x */,
				027F9B531AF7041100180368 /* SBUIPasscodeLockViewBase.h */,
				027FFDAB1AFA9E0400FA1486 /* SBUIPasscodeLockViewBase.x */,
				022C65B11B11133900132878 /* SBUIPasscodeLockViewWithKeypad.h */,
				022C65B21B1144E600132878 /* SBUIPasscodeLockViewWithKeypad.x */,
				02884B811B166CC800D8D8E0 /* UIGlintyStringView.h */,
				02884B821B166CC800D8D8E0 /* UIGlintyStringView.x */,
			);
			name = Tweak;
			path = Resources/Tweak;
			sourceTree = "<group>";
		};
		02D96A891A6F739000095C83 /* Preferences */ = {
			isa = PBXGroup;
			children = (
				02D96A8A1A6F739000095C83 /* .theos */,
				02D96A9A1A6F739000095C83 /* Resources */,
				027E66641AF02BCC00B77D65 /* ALSPreferencesCell.h */,
				027E66651AF02BCC00B77D65 /* ALSPreferencesCell.m */,
				0237472F1AEEEE0400825E1C /* ALSPreferencesColorGradient.h */,
				023747301AEEEE0400825E1C /* ALSPreferencesColorGradient.m */,
				023747311AEEEE0400825E1C /* ALSPreferencesColorPanGestureRecognizer.h */,
				023747321AEEEE0400825E1C /* ALSPreferencesColorPanGestureRecognizer.m */,
				023747351AEEEE0400825E1C /* ALSPreferencesColorPickerInnerShadow.h */,
				023747361AEEEE0400825E1C /* ALSPreferencesColorPickerInnerShadow.m */,
				0280F2621AEB264D0048BF91 /* ALSPreferencesColorCell.h */,
				0280F2631AEB264D0048BF91 /* ALSPreferencesColorCell.m */,
				023747251AEEECB700825E1C /* ALSPreferencesColorPicker.h */,
				023747261AEEECB700825E1C /* ALSPreferencesColorPicker.m */,
				027E66601AF029DF00B77D65 /* ALSPreferencesFontCell.h */,
				027E66611AF029DF00B77D65 /* ALSPreferencesFontCell.m */,
				027E66661AF0345C00B77D65 /* ALSPreferencesFontPicker.h */,
				027E66671AF0345C00B77D65 /* ALSPreferencesFontPicker.m */,
				02BED8D71AD3B86D0075EAB0 /* ALSPreferencesHeader.h */,
				02BED8D81AD3B86D0075EAB0 /* ALSPreferencesHeader.m */,
				02BED8D91AD3B86D0075EAB0 /* ALSPreferencesListController.h */,
				02BED8DA1AD3B86D0075EAB0 /* ALSPreferencesListController.m */,
				02A1014F1AEF3AE8003296EB /* ALSPreferencesListItemsController.h */,
				02A101501AEF3AE8003296EB /* ALSPreferencesListItemsController.m */,
				022C65B51B115D9300132878 /* ALSPreferencesManager.h */,
				022C65B61B115D9300132878 /* ALSPreferencesManager.m */,
				02AC49791AE8ECD000426584 /* ALSPreferencesProxyTarget.h */,
				02AC497A1AE8ECD000426584 /* ALSPreferencesProxyTarget.m */,
				02530BF31ADF1C5E004F3488 /* ALSPreferencesSubListController.h */,
				02530BF41ADF1C5E004F3488 /* ALSPreferencesSubListController.m */,
				0254280B1B117CAF00FAF035 /* ALSPreferencesSupportersListController.h */,
				0254280C1B117CAF00FAF035 /* ALSPreferencesSupportersListController.m */,
				02BED8DC1AD3B86D0075EAB0 /* PSListController.h */,
				02A101511AEF3B42003296EB /* PSListItemsController.h */,
				02BED8E41AD3BEC50075EAB0 /* PSSpecifier.h */,
				02BED8E31AD3BD580075EAB0 /* PSTableCell.h */,
				02BED8E51AD3C3C30075EAB0 /* SBWallpaperController.h */,
			);
			name = Preferences;
			path = Resources/Preferences;
			sourceTree = "<group>";
		};
		02D96A8A1A6F739000095C83 /* .theos */ = {
			isa = PBXGroup;
			children = (
				02D96A8B1A6F739000095C83 /* fakeroot */,
				02D96A8C1A6F739000095C83 /* last_package */,
				02D96A8D1A6F739000095C83 /* packages */,
			);
			path = .theos;
			sourceTree = "<group>";
		};
		02D96A8D1A6F739000095C83 /* packages */ = {
			isa = PBXGroup;
			children = (
				02D96A8E1A6F739000095C83 /* com.kingfish.homeonlyiconspreferences-0.0.1 */,
			);
			path = packages;
			sourceTree = "<group>";
		};
		02D96A9A1A6F739000095C83 /* Resources */ = {
			isa = PBXGroup;
			children = (
				02BED8DD1AD3B8B90075EAB0 /* AeuriaLSPreferences.plist */,
				028687AE1AE9F78900BDD74A /* AeuriaPath.dat */,
				02530BF21ADF1940004F3488 /* Clock Face Settings.plist */,
				028285EE1AF0836D0079E923 /* Defaults.plist */,
				02BED8DE1AD3B8CA0075EAB0 /* Info.plist */,
				022627B91AE9E605006658FF /* LSPath.dat */,
				02BED8E21AD3B90B0075EAB0 /* Main.plist */,
				0260B5F51AF4324A003AE8C5 /* Other Settings.plist */,
				0260B5F41AF42E51003AE8C5 /* Passcode Page Settings.plist */,
				0206009E1AF1946F00F5597A /* Style Settings.plist */,
			);
			path = Resources;
			sourceTree = "<group>";
		};
/* End PBXGroup section */

/* Begin PBXLegacyTarget section */
		02D96A7A1A6F6EE700095C83 /* aeurials */ = {
			isa = PBXLegacyTarget;
			buildArgumentsString = "";
			buildConfigurationList = 02D96A7D1A6F6EE700095C83 /* Build configuration list for PBXLegacyTarget "aeurials" */;
			buildPhases = (
			);
			buildToolPath = $SRCROOT/Resources/build.sh;
			buildWorkingDirectory = $SRCROOT/Resources/;
			dependencies = (
			);
			name = aeurials;
			passBuildSettingsInEnvironment = 0;
			productName = aeurials;
		};
/* End PBXLegacyTarget section */

/* Begin PBXProject section */
		02D96A761A6F6EE700095C83 /* Project object */ = {
			isa = PBXProject;
			attributes = {
				LastUpgradeCheck = 0610;
				ORGANIZATIONNAME = kingfish;
				TargetAttributes = {
					02D96A7A1A6F6EE700095C83 = {
						CreatedOnToolsVersion = 6.1.1;
					};
				};
			};
			buildConfigurationList = 02D96A791A6F6EE700095C83 /* Build configuration list for PBXProject "aeurials" */;
			compatibilityVersion = "Xcode 3.2";
			developmentRegion = English;
			hasScannedForEncodings = 0;
			knownRegions = (
				en,
			);
			mainGroup = 02D96A751A6F6EE700095C83;
			projectDirPath = "";
			projectRoot = "";
			targets = (
				02D96A7A1A6F6EE700095C83 /* aeurials */,
			);
		};
/* End PBXProject section */

/* Begin XCBuildConfiguration section */
		02D96A7B1A6F6EE700095C83 /* Debug */ = {
			isa = XCBuildConfiguration;
			buildSettings = {
				ALWAYS_SEARCH_USER_PATHS = NO;
				CLANG_CXX_LANGUAGE_STANDARD = "gnu++0x";
				CLANG_CXX_LIBRARY = "libc++";
				CLANG_ENABLE_MODULES = YES;
				CLANG_ENABLE_OBJC_ARC = YES;
				CLANG_WARN_BOOL_CONVERSION = YES;
				CLANG_WARN_CONSTANT_CONVERSION = YES;
				CLANG_WARN_DIRECT_OBJC_ISA_USAGE = YES_ERROR;
				CLANG_WARN_EMPTY_BODY = YES;
				CLANG_WARN_ENUM_CONVERSION = YES;
				CLANG_WARN_INT_CONVERSION = YES;
				CLANG_WARN_OBJC_ROOT_CLASS = YES_ERROR;
				CLANG_WARN_UNREACHABLE_CODE = YES;
				CLANG_WARN__DUPLICATE_METHOD_MATCH = YES;
				COPY_PHASE_STRIP = NO;
				ENABLE_STRICT_OBJC_MSGSEND = YES;
				GCC_C_LANGUAGE_STANDARD = gnu99;
				GCC_DYNAMIC_NO_PIC = NO;
				GCC_OPTIMIZATION_LEVEL = 0;
				GCC_PREPROCESSOR_DEFINITIONS = (
					"DEBUG=1",
					"$(inherited)",
				);
				GCC_SYMBOLS_PRIVATE_EXTERN = NO;
				GCC_WARN_64_TO_32_BIT_CONVERSION = YES;
				GCC_WARN_ABOUT_RETURN_TYPE = YES_ERROR;
				GCC_WARN_UNDECLARED_SELECTOR = YES;
				GCC_WARN_UNINITIALIZED_AUTOS = YES_AGGRESSIVE;
				GCC_WARN_UNUSED_FUNCTION = YES;
				GCC_WARN_UNUSED_VARIABLE = YES;
				MACOSX_DEPLOYMENT_TARGET = 10.10;
				MTL_ENABLE_DEBUG_INFO = YES;
				ONLY_ACTIVE_ARCH = YES;
				SDKROOT = macosx;
			};
			name = Debug;
		};
		02D96A7C1A6F6EE700095C83 /* Release */ = {
			isa = XCBuildConfiguration;
			buildSettings = {
				ALWAYS_SEARCH_USER_PATHS = NO;
				CLANG_CXX_LANGUAGE_STANDARD = "gnu++0x";
				CLANG_CXX_LIBRARY = "libc++";
				CLANG_ENABLE_MODULES = YES;
				CLANG_ENABLE_OBJC_ARC = YES;
				CLANG_WARN_BOOL_CONVERSION = YES;
				CLANG_WARN_CONSTANT_CONVERSION = YES;
				CLANG_WARN_DIRECT_OBJC_ISA_USAGE = YES_ERROR;
				CLANG_WARN_EMPTY_BODY = YES;
				CLANG_WARN_ENUM_CONVERSION = YES;
				CLANG_WARN_INT_CONVERSION = YES;
				CLANG_WARN_OBJC_ROOT_CLASS = YES_ERROR;
				CLANG_WARN_UNREACHABLE_CODE = YES;
				CLANG_WARN__DUPLICATE_METHOD_MATCH = YES;
				COPY_PHASE_STRIP = YES;
				DEBUG_INFORMATION_FORMAT = "dwarf-with-dsym";
				ENABLE_NS_ASSERTIONS = NO;
				ENABLE_STRICT_OBJC_MSGSEND = YES;
				GCC_C_LANGUAGE_STANDARD = gnu99;
				GCC_WARN_64_TO_32_BIT_CONVERSION = YES;
				GCC_WARN_ABOUT_RETURN_TYPE = YES_ERROR;
				GCC_WARN_UNDECLARED_SELECTOR = YES;
				GCC_WARN_UNINITIALIZED_AUTOS = YES_AGGRESSIVE;
				GCC_WARN_UNUSED_FUNCTION = YES;
				GCC_WARN_UNUSED_VARIABLE = YES;
				MACOSX_DEPLOYMENT_TARGET = 10.10;
				MTL_ENABLE_DEBUG_INFO = NO;
				SDKROOT = macosx;
			};
			name = Release;
		};
		02D96A7E1A6F6EE700095C83 /* Debug */ = {
			isa = XCBuildConfiguration;
			buildSettings = {
				DEBUGGING_SYMBOLS = YES;
				GCC_GENERATE_DEBUGGING_SYMBOLS = YES;
				GCC_OPTIMIZATION_LEVEL = 0;
				OTHER_CFLAGS = "";
				OTHER_LDFLAGS = "";
				PRODUCT_NAME = "$(TARGET_NAME)";
			};
			name = Debug;
		};
		02D96A7F1A6F6EE700095C83 /* Release */ = {
			isa = XCBuildConfiguration;
			buildSettings = {
				OTHER_CFLAGS = "";
				OTHER_LDFLAGS = "";
				PRODUCT_NAME = "$(TARGET_NAME)";
			};
			name = Release;
		};
/* End XCBuildConfiguration section */

/* Begin XCConfigurationList section */
		02D96A791A6F6EE700095C83 /* Build configuration list for PBXProject "aeurials" */ = {
			isa = XCConfigurationList;
			buildConfigurations = (
				02D96A7B1A6F6EE700095C83 /* Debug */,
				02D96A7C1A6F6EE700095C83 /* Release */,
			);
			defaultConfigurationIsVisible = 0;
			defaultConfigurationName = Release;
		};
		02D96A7D1A6F6EE700095C83 /* Build configuration list for PBXLegacyTarget "aeurials" */ = {
			isa = XCConfigurationList;
			buildConfigurations = (
				02D96A7E1A6F6EE700095C83 /* Debug */,
				02D96A7F1A6F6EE700095C83 /* Release */,
			);
			defaultConfigurationIsVisible = 0;
			defaultConfigurationName = Release;
		};
/* End XCConfigurationList section */
	};
	rootObject = 02D96A761A6F6EE700095C83 /* Project object */;
}
